
Microsoft Visual Studio Solution File, Format Version 12.00
# Visual Studio Version 16
VisualStudioVersion = 16.0.30011.22
MinimumVisualStudioVersion = 10.0.40219.1
Project("{FAE04EC0-301F-11D3-BF4B-00C04F79EFBC}") = "GTBA.UWP", "GTBA\GTBA.UWP\GTBA.UWP.csproj", "{AC071DE2-DB73-4CE8-BCBD-1015784D8A3F}"
EndProject
Project("{FAE04EC0-301F-11D3-BF4B-00C04F79EFBC}") = "GTBA.Android", "GTBA\GTBA.Android\GTBA.Android.csproj", "{BEB9B7AD-BFF4-4CAA-A0F1-FD5B201C3547}"
EndProject
Project("{FAE04EC0-301F-11D3-BF4B-00C04F79EFBC}") = "GTBA", "GTBA\GTBA\GTBA.csproj", "{E0A60E64-1DFA-40E1-BA99-27B85E8DA015}"
EndProject
Global
	GlobalSection(SolutionConfigurationPlatforms) = preSolution
		Debug|Any CPU = Debug|Any CPU
		Debug|ARM = Debug|ARM
		Debug|x64 = Debug|x64
		Debug|x86 = Debug|x86
		Release|Any CPU = Release|Any CPU
		Release|ARM = Release|ARM
		Release|x64 = Release|x64
		Release|x86 = Release|x86
	EndGlobalSection
	GlobalSection(ProjectConfigurationPlatforms) = postSolution
		{AC071DE2-DB73-4CE8-BCBD-1015784D8A3F}.Debug|Any CPU.ActiveCfg = Debug|x86
		{AC071DE2-DB73-4CE8-BCBD-1015784D8A3F}.Debug|Any CPU.Build.0 = Debug|x86
		{AC071DE2-DB73-4CE8-BCBD-1015784D8A3F}.Debug|Any CPU.Deploy.0 = Debug|x86
		{AC071DE2-DB73-4CE8-BCBD-1015784D8A3F}.Debug|ARM.ActiveCfg = Debug|ARM
		{AC071DE2-DB73-4CE8-BCBD-1015784D8A3F}.Debug|ARM.Build.0 = Debug|ARM
		{AC071DE2-DB73-4CE8-BCBD-1015784D8A3F}.Debug|ARM.Deploy.0 = Debug|ARM
		{AC071DE2-DB73-4CE8-BCBD-1015784D8A3F}.Debug|x64.ActiveCfg = Debug|x64
		{AC071DE2-DB73-4CE8-BCBD-1015784D8A3F}.Debug|x64.Build.0 = Debug|x64
		{AC071DE2-DB73-4CE8-BCBD-1015784D8A3F}.Debug|x64.Deploy.0 = Debug|x64
		{AC071DE2-DB73-4CE8-BCBD-1015784D8A3F}.Debug|x86.ActiveCfg = Debug|x86
		{AC071DE2-DB73-4CE8-BCBD-1015784D8A3F}.Debug|x86.Build.0 = Debug|x86
		{AC071DE2-DB73-4CE8-BCBD-1015784D8A3F}.Debug|x86.Deploy.0 = Debug|x86
		{AC071DE2-DB73-4CE8-BCBD-1015784D8A3F}.Release|Any CPU.ActiveCfg = Release|x86
		{AC071DE2-DB73-4CE8-BCBD-1015784D8A3F}.Release|Any CPU.Build.0 = Release|x86
		{AC071DE2-DB73-4CE8-BCBD-1015784D8A3F}.Release|Any CPU.Deploy.0 = Release|x86
		{AC071DE2-DB73-4CE8-BCBD-1015784D8A3F}.Release|ARM.ActiveCfg = Release|ARM
		{AC071DE2-DB73-4CE8-BCBD-1015784D8A3F}.Release|ARM.Build.0 = Release|ARM
		{AC071DE2-DB73-4CE8-BCBD-1015784D8A3F}.Release|ARM.Deploy.0 = Release|ARM
		{AC071DE2-DB73-4CE8-BCBD-1015784D8A3F}.Release|x64.ActiveCfg = Release|x64
		{AC071DE2-DB73-4CE8-BCBD-1015784D8A3F}.Release|x64.Build.0 = Release|x64
		{AC071DE2-DB73-4CE8-BCBD-1015784D8A3F}.Release|x64.Deploy.0 = Release|x64
		{AC071DE2-DB73-4CE8-BCBD-1015784D8A3F}.Release|x86.ActiveCfg = Release|x86
		{AC071DE2-DB73-4CE8-BCBD-1015784D8A3F}.Release|x86.Build.0 = Release|x86
		{AC071DE2-DB73-4CE8-BCBD-1015784D8A3F}.Release|x86.Deploy.0 = Release|x86
		{BEB9B7AD-BFF4-4CAA-A0F1-FD5B201C3547}.Debug|Any CPU.ActiveCfg = Debug|Any CPU
		{BEB9B7AD-BFF4-4CAA-A0F1-FD5B201C3547}.Debug|Any CPU.Build.0 = Debug|Any CPU
		{BEB9B7AD-BFF4-4CAA-A0F1-FD5B201C3547}.Debug|Any CPU.Deploy.0 = Debug|Any CPU
		{BEB9B7AD-BFF4-4CAA-A0F1-FD5B201C3547}.Debug|ARM.ActiveCfg = Debug|Any CPU
		{BEB9B7AD-BFF4-4CAA-A0F1-FD5B201C3547}.Debug|ARM.Build.0 = Debug|Any CPU
		{BEB9B7AD-BFF4-4CAA-A0F1-FD5B201C3547}.Debug|ARM.Deploy.0 = Debug|Any CPU
		{BEB9B7AD-BFF4-4CAA-A0F1-FD5B201C3547}.Debug|x64.ActiveCfg = Debug|Any CPU
		{BEB9B7AD-BFF4-4CAA-A0F1-FD5B201C3547}.Debug|x64.Build.0 = Debug|Any CPU
		{BEB9B7AD-BFF4-4CAA-A0F1-FD5B201C3547}.Debug|x64.Deploy.0 = Debug|Any CPU
		{BEB9B7AD-BFF4-4CAA-A0F1-FD5B201C3547}.Debug|x86.ActiveCfg = Debug|Any CPU
		{BEB9B7AD-BFF4-4CAA-A0F1-FD5B201C3547}.Debug|x86.Build.0 = Debug|Any CPU
		{BEB9B7AD-BFF4-4CAA-A0F1-FD5B201C3547}.Debug|x86.Deploy.0 = Debug|Any CPU
		{BEB9B7AD-BFF4-4CAA-A0F1-FD5B201C3547}.Release|Any CPU.ActiveCfg = Release|Any CPU
		{BEB9B7AD-BFF4-4CAA-A0F1-FD5B201C3547}.Release|Any CPU.Build.0 = Release|Any CPU
		{BEB9B7AD-BFF4-4CAA-A0F1-FD5B201C3547}.Release|Any CPU.Deploy.0 = Release|Any CPU
		{BEB9B7AD-BFF4-4CAA-A0F1-FD5B201C3547}.Release|ARM.ActiveCfg = Release|Any CPU
		{BEB9B7AD-BFF4-4CAA-A0F1-FD5B201C3547}.Release|ARM.Build.0 = Release|Any CPU
		{BEB9B7AD-BFF4-4CAA-A0F1-FD5B201C3547}.Release|ARM.Deploy.0 = Release|Any CPU
		{BEB9B7AD-BFF4-4CAA-A0F1-FD5B201C3547}.Release|x64.ActiveCfg = Release|Any CPU
		{BEB9B7AD-BFF4-4CAA-A0F1-FD5B201C3547}.Release|x64.Build.0 = Release|Any CPU
		{BEB9B7AD-BFF4-4CAA-A0F1-FD5B201C3547}.Release|x64.Deploy.0 = Release|Any CPU
		{BEB9B7AD-BFF4-4CAA-A0F1-FD5B201C3547}.Release|x86.ActiveCfg = Release|Any CPU
		{BEB9B7AD-BFF4-4CAA-A0F1-FD5B201C3547}.Release|x86.Build.0 = Release|Any CPU
		{BEB9B7AD-BFF4-4CAA-A0F1-FD5B201C3547}.Release|x86.Deploy.0 = Release|Any CPU
		{E0A60E64-1DFA-40E1-BA99-27B85E8DA015}.Debug|Any CPU.ActiveCfg = Debug|Any CPU
		{E0A60E64-1DFA-40E1-BA99-27B85E8DA015}.Debug|Any CPU.Build.0 = Debug|Any CPU
		{E0A60E64-1DFA-40E1-BA99-27B85E8DA015}.Debug|Any CPU.Deploy.0 = Debug|Any CPU
		{E0A60E64-1DFA-40E1-BA99-27B85E8DA015}.Debug|ARM.ActiveCfg = Debug|Any CPU
		{E0A60E64-1DFA-40E1-BA99-27B85E8DA015}.Debug|ARM.Build.0 = Debug|Any CPU
		{E0A60E64-1DFA-40E1-BA99-27B85E8DA015}.Debug|ARM.Deploy.0 = Debug|Any CPU
		{E0A60E64-1DFA-40E1-BA99-27B85E8DA015}.Debug|x64.ActiveCfg = Debug|Any CPU
		{E0A60E64-1DFA-40E1-BA99-27B85E8DA015}.Debug|x64.Build.0 = Debug|Any CPU
		{E0A60E64-1DFA-40E1-BA99-27B85E8DA015}.Debug|x64.Deploy.0 = Debug|Any CPU
		{E0A60E64-1DFA-40E1-BA99-27B85E8DA015}.Debug|x86.ActiveCfg = Debug|Any CPU
		{E0A60E64-1DFA-40E1-BA99-27B85E8DA015}.Debug|x86.Build.0 = Debug|Any CPU
		{E0A60E64-1DFA-40E1-BA99-27B85E8DA015}.Debug|x86.Deploy.0 = Debug|Any CPU
		{E0A60E64-1DFA-40E1-BA99-27B85E8DA015}.Release|Any CPU.ActiveCfg = Release|Any CPU
		{E0A60E64-1DFA-40E1-BA99-27B85E8DA015}.Release|Any CPU.Build.0 = Release|Any CPU
		{E0A60E64-1DFA-40E1-BA99-27B85E8DA015}.Release|Any CPU.Deploy.0 = Release|Any CPU
		{E0A60E64-1DFA-40E1-BA99-27B85E8DA015}.Release|ARM.ActiveCfg = Release|Any CPU
		{E0A60E64-1DFA-40E1-BA99-27B85E8DA015}.Release|ARM.Build.0 = Release|Any CPU
		{E0A60E64-1DFA-40E1-BA99-27B85E8DA015}.Release|ARM.Deploy.0 = Release|Any CPU
		{E0A60E64-1DFA-40E1-BA99-27B85E8DA015}.Release|x64.ActiveCfg = Release|Any CPU
		{E0A60E64-1DFA-40E1-BA99-27B85E8DA015}.Release|x64.Build.0 = Release|Any CPU
		{E0A60E64-1DFA-40E1-BA99-27B85E8DA015}.Release|x64.Deploy.0 = Release|Any CPU
		{E0A60E64-1DFA-40E1-BA99-27B85E8DA015}.Release|x86.ActiveCfg = Release|Any CPU
		{E0A60E64-1DFA-40E1-BA99-27B85E8DA015}.Release|x86.Build.0 = Release|Any CPU
		{E0A60E64-1DFA-40E1-BA99-27B85E8DA015}.Release|x86.Deploy.0 = Release|Any CPU
	EndGlobalSection
	GlobalSection(SolutionProperties) = preSolution
		HideSolutionNode = FALSE
	EndGlobalSection
	GlobalSection(ExtensibilityGlobals) = postSolution
		SolutionGuid = {32E75942-1121-45E8-9FC3-44833FC89956}
	EndGlobalSection
EndGlobal
